
Microsoft Visual Studio Solution File, Format Version 12.00
# Visual Studio Version 16
VisualStudioVersion = 16.0.31624.102
MinimumVisualStudioVersion = 10.0.40219.1
Project("{FAE04EC0-301F-11D3-BF4B-00C04F79EFBC}") = "AzureCrud", "AzureCrud\AzureCrud.csproj", "{C8F7BABE-B10A-485F-910E-5CFAA197C6C6}"
EndProject
Project("{FAE04EC0-301F-11D3-BF4B-00C04F79EFBC}") = "SqlCrud", "SqlCrud\SqlCrud.csproj", "{87926486-7F28-4EE8-BF29-2BD86204F6AE}"
EndProject
Project("{FAE04EC0-301F-11D3-BF4B-00C04F79EFBC}") = "Connection", "Connection\Connection.csproj", "{DD6B96BC-2B3C-4704-8E3E-49257D74A317}"
EndProject
Project("{FAE04EC0-301F-11D3-BF4B-00C04F79EFBC}") = "Model", "Model\Model.csproj", "{C79B7673-1B9B-4FF9-8568-4E3EEB48A716}"
EndProject
Global
	GlobalSection(SolutionConfigurationPlatforms) = preSolution
		Debug|Any CPU = Debug|Any CPU
		Release|Any CPU = Release|Any CPU
	EndGlobalSection
	GlobalSection(ProjectConfigurationPlatforms) = postSolution
		{C8F7BABE-B10A-485F-910E-5CFAA197C6C6}.Debug|Any CPU.ActiveCfg = Debug|Any CPU
		{C8F7BABE-B10A-485F-910E-5CFAA197C6C6}.Debug|Any CPU.Build.0 = Debug|Any CPU
		{C8F7BABE-B10A-485F-910E-5CFAA197C6C6}.Release|Any CPU.ActiveCfg = Release|Any CPU
		{C8F7BABE-B10A-485F-910E-5CFAA197C6C6}.Release|Any CPU.Build.0 = Release|Any CPU
		{87926486-7F28-4EE8-BF29-2BD86204F6AE}.Debug|Any CPU.ActiveCfg = Debug|Any CPU
		{87926486-7F28-4EE8-BF29-2BD86204F6AE}.Debug|Any CPU.Build.0 = Debug|Any CPU
		{87926486-7F28-4EE8-BF29-2BD86204F6AE}.Release|Any CPU.ActiveCfg = Release|Any CPU
		{87926486-7F28-4EE8-BF29-2BD86204F6AE}.Release|Any CPU.Build.0 = Release|Any CPU
		{DD6B96BC-2B3C-4704-8E3E-49257D74A317}.Debug|Any CPU.ActiveCfg = Debug|Any CPU
		{DD6B96BC-2B3C-4704-8E3E-49257D74A317}.Debug|Any CPU.Build.0 = Debug|Any CPU
		{DD6B96BC-2B3C-4704-8E3E-49257D74A317}.Release|Any CPU.ActiveCfg = Release|Any CPU
		{DD6B96BC-2B3C-4704-8E3E-49257D74A317}.Release|Any CPU.Build.0 = Release|Any CPU
		{C79B7673-1B9B-4FF9-8568-4E3EEB48A716}.Debug|Any CPU.ActiveCfg = Debug|Any CPU
		{C79B7673-1B9B-4FF9-8568-4E3EEB48A716}.Debug|Any CPU.Build.0 = Debug|Any CPU
		{C79B7673-1B9B-4FF9-8568-4E3EEB48A716}.Release|Any CPU.ActiveCfg = Release|Any CPU
		{C79B7673-1B9B-4FF9-8568-4E3EEB48A716}.Release|Any CPU.Build.0 = Release|Any CPU
	EndGlobalSection
	GlobalSection(SolutionProperties) = preSolution
		HideSolutionNode = FALSE
	EndGlobalSection
	GlobalSection(ExtensibilityGlobals) = postSolution
		SolutionGuid = {1C7B046F-6A21-4EC5-BC6E-C9960E277D82}
	EndGlobalSection
EndGlobal
